
Microsoft Visual Studio Solution File, Format Version 12.00
# Visual Studio Version 17
VisualStudioVersion = 17.1.32228.430
MinimumVisualStudioVersion = 10.0.40219.1
Project("{FAE04EC0-301F-11D3-BF4B-00C04F79EFBC}") = "FakeAsync", "src\FakeAsync\FakeAsync.csproj", "{3BA7B4C2-A323-4CD0-B3DC-8A74D260E140}"
EndProject
Project("{FAE04EC0-301F-11D3-BF4B-00C04F79EFBC}") = "FakeAsync.Mock", "src\FakeAsync.Mock\FakeAsync.Mock.csproj", "{17B967E1-0C54-4F5B-8651-48CA025B9D16}"
EndProject
Project("{FAE04EC0-301F-11D3-BF4B-00C04F79EFBC}") = "FakeAsync.Tests", "src\FakeAsync.Tests\FakeAsync.Tests.csproj", "{94B34AE5-B3AC-4941-924F-08BB388D3E11}"
EndProject
Global
	GlobalSection(SolutionConfigurationPlatforms) = preSolution
		Debug|Any CPU = Debug|Any CPU
		Release|Any CPU = Release|Any CPU
	EndGlobalSection
	GlobalSection(ProjectConfigurationPlatforms) = postSolution
		{3BA7B4C2-A323-4CD0-B3DC-8A74D260E140}.Debug|Any CPU.ActiveCfg = Debug|Any CPU
		{3BA7B4C2-A323-4CD0-B3DC-8A74D260E140}.Debug|Any CPU.Build.0 = Debug|Any CPU
		{3BA7B4C2-A323-4CD0-B3DC-8A74D260E140}.Release|Any CPU.ActiveCfg = Release|Any CPU
		{3BA7B4C2-A323-4CD0-B3DC-8A74D260E140}.Release|Any CPU.Build.0 = Release|Any CPU
		{17B967E1-0C54-4F5B-8651-48CA025B9D16}.Debug|Any CPU.ActiveCfg = Debug|Any CPU
		{17B967E1-0C54-4F5B-8651-48CA025B9D16}.Debug|Any CPU.Build.0 = Debug|Any CPU
		{17B967E1-0C54-4F5B-8651-48CA025B9D16}.Release|Any CPU.ActiveCfg = Release|Any CPU
		{17B967E1-0C54-4F5B-8651-48CA025B9D16}.Release|Any CPU.Build.0 = Release|Any CPU
		{94B34AE5-B3AC-4941-924F-08BB388D3E11}.Debug|Any CPU.ActiveCfg = Debug|Any CPU
		{94B34AE5-B3AC-4941-924F-08BB388D3E11}.Debug|Any CPU.Build.0 = Debug|Any CPU
		{94B34AE5-B3AC-4941-924F-08BB388D3E11}.Release|Any CPU.ActiveCfg = Release|Any CPU
		{94B34AE5-B3AC-4941-924F-08BB388D3E11}.Release|Any CPU.Build.0 = Release|Any CPU
	EndGlobalSection
	GlobalSection(SolutionProperties) = preSolution
		HideSolutionNode = FALSE
	EndGlobalSection
	GlobalSection(ExtensibilityGlobals) = postSolution
		SolutionGuid = {A08B31EE-7FA8-4DE5-BCDC-915BC183048E}
	EndGlobalSection
EndGlobal
